
Microsoft Visual Studio Solution File, Format Version 12.00
# Visual Studio Version 17
VisualStudioVersion = 17.14.36414.22 d17.14
MinimumVisualStudioVersion = 10.0.40219.1
Project("{8BC9CEB8-8B4A-11D0-8D11-00A0C91BC942}") = "Ejercicio_1_6_GestionDeBancosConHerencia", "Ejercicio_1_6_GestionDeBancosConHerencia\Ejercicio_1_6_GestionDeBancosConHerencia.vcxproj", "{DB72498E-1831-4C16-B5A0-8044E3C7678B}"
EndProject
Global
	GlobalSection(SolutionConfigurationPlatforms) = preSolution
		Debug|x64 = Debug|x64
		Debug|x86 = Debug|x86
		Release|x64 = Release|x64
		Release|x86 = Release|x86
	EndGlobalSection
	GlobalSection(ProjectConfigurationPlatforms) = postSolution
		{DB72498E-1831-4C16-B5A0-8044E3C7678B}.Debug|x64.ActiveCfg = Debug|x64
		{DB72498E-1831-4C16-B5A0-8044E3C7678B}.Debug|x64.Build.0 = Debug|x64
		{DB72498E-1831-4C16-B5A0-8044E3C7678B}.Debug|x86.ActiveCfg = Debug|Win32
		{DB72498E-1831-4C16-B5A0-8044E3C7678B}.Debug|x86.Build.0 = Debug|Win32
		{DB72498E-1831-4C16-B5A0-8044E3C7678B}.Release|x64.ActiveCfg = Release|x64
		{DB72498E-1831-4C16-B5A0-8044E3C7678B}.Release|x64.Build.0 = Release|x64
		{DB72498E-1831-4C16-B5A0-8044E3C7678B}.Release|x86.ActiveCfg = Release|Win32
		{DB72498E-1831-4C16-B5A0-8044E3C7678B}.Release|x86.Build.0 = Release|Win32
	EndGlobalSection
	GlobalSection(SolutionProperties) = preSolution
		HideSolutionNode = FALSE
	EndGlobalSection
	GlobalSection(ExtensibilityGlobals) = postSolution
		SolutionGuid = {310E5695-110C-4392-8FE8-A0AB5A7105A8}
	EndGlobalSection
EndGlobal
